
Microsoft Visual Studio Solution File, Format Version 12.00
# Visual Studio Version 16
VisualStudioVersion = 16.0.30011.22
MinimumVisualStudioVersion = 10.0.40219.1
Project("{9A19103F-16F7-4668-BE54-9A1E7A4F7556}") = "AmplifiersAPI", "AmplifiersAPI\AmplifiersAPI.csproj", "{0F90F4A5-EAB0-4E00-B569-72BAC405DDC0}"
EndProject
Global
	GlobalSection(SolutionConfigurationPlatforms) = preSolution
		Debug|Any CPU = Debug|Any CPU
		Release|Any CPU = Release|Any CPU
	EndGlobalSection
	GlobalSection(ProjectConfigurationPlatforms) = postSolution
		{0F90F4A5-EAB0-4E00-B569-72BAC405DDC0}.Debug|Any CPU.ActiveCfg = Debug|Any CPU
		{0F90F4A5-EAB0-4E00-B569-72BAC405DDC0}.Debug|Any CPU.Build.0 = Debug|Any CPU
		{0F90F4A5-EAB0-4E00-B569-72BAC405DDC0}.Release|Any CPU.ActiveCfg = Release|Any CPU
		{0F90F4A5-EAB0-4E00-B569-72BAC405DDC0}.Release|Any CPU.Build.0 = Release|Any CPU
	EndGlobalSection
	GlobalSection(SolutionProperties) = preSolution
		HideSolutionNode = FALSE
	EndGlobalSection
	GlobalSection(ExtensibilityGlobals) = postSolution
		SolutionGuid = {75D8255C-4081-41AC-A60F-726E6A05223E}
	EndGlobalSection
EndGlobal
